
Microsoft Visual Studio Solution File, Format Version 12.00
# Visual Studio Version 17
VisualStudioVersion = 17.10.35201.131
MinimumVisualStudioVersion = 10.0.40219.1
Project("{FAE04EC0-301F-11D3-BF4B-00C04F79EFBC}") = "EasyLevelCoding", "EasyLevelCoding.csproj", "{1A8B84BF-F81F-448B-9D0F-97E19FE34350}"
EndProject
Project("{FAE04EC0-301F-11D3-BF4B-00C04F79EFBC}") = "ReverseString", "..\ReverseString\ReverseString.csproj", "{03F19626-11A0-4D9F-A211-E8A4BB702035}"
EndProject
Project("{FAE04EC0-301F-11D3-BF4B-00C04F79EFBC}") = "Pallindrome", "..\Pallindrome\Pallindrome.csproj", "{D9717F26-85C6-4D8B-8D8C-7AC910E648CB}"
EndProject
Project("{FAE04EC0-301F-11D3-BF4B-00C04F79EFBC}") = "FibonacciSeries", "..\FibonacciSeries\FibonacciSeries.csproj", "{3FC7CD9D-47A2-4E21-B106-A4C95B5EDF3C}"
EndProject
Project("{FAE04EC0-301F-11D3-BF4B-00C04F79EFBC}") = "FactorialCode", "..\FactorialCode\FactorialCode.csproj", "{9F3529E1-AFB6-4B50-B4B5-488A47EC2C6C}"
EndProject
Project("{FAE04EC0-301F-11D3-BF4B-00C04F79EFBC}") = "PrimeNumberCheckCode", "..\PrimeNumberCheckCode\PrimeNumberCheckCode.csproj", "{55D297F0-77F0-477A-A3DC-C047610FC8A1}"
EndProject
Project("{FAE04EC0-301F-11D3-BF4B-00C04F79EFBC}") = "CountVowelAndConsonant", "..\CountVowelAndConsonant\CountVowelAndConsonant.csproj", "{31DC2094-BA09-45A3-9169-3444014E1AF0}"
EndProject
Project("{FAE04EC0-301F-11D3-BF4B-00C04F79EFBC}") = "ReverseWordsInSentence", "..\ReverseWordsInSentence\ReverseWordsInSentence.csproj", "{04935662-D1C9-45E0-83A4-33BAC4B0C9DE}"
EndProject
Project("{FAE04EC0-301F-11D3-BF4B-00C04F79EFBC}") = "ReverseEachWordOfTheString", "..\ReverseEachWordOfTheString\ReverseEachWordOfTheString.csproj", "{278167F0-7E23-4D25-895F-62FD6F03BC73}"
EndProject
Project("{FAE04EC0-301F-11D3-BF4B-00C04F79EFBC}") = "SwapValuesWithoutThirdVariable", "..\SwapValuesWithoutThirdVariable\SwapValuesWithoutThirdVariable.csproj", "{96C3EE3A-835E-447E-8B00-B3B5B15DEC3A}"
EndProject
Project("{FAE04EC0-301F-11D3-BF4B-00C04F79EFBC}") = "CountEachCharOccuranceInString", "..\CountEachCharOccuranceInString\CountEachCharOccuranceInString.csproj", "{EC4B7560-0F53-4DE6-88BF-04658268EE8C}"
EndProject
Project("{FAE04EC0-301F-11D3-BF4B-00C04F79EFBC}") = "RemoveTheDuplicateCharFromString", "..\RemoveTheDuplicateCharFromString\RemoveTheDuplicateCharFromString.csproj", "{6F281164-0D4B-48BE-9FF0-9F08E9FB9D66}"
EndProject
Project("{FAE04EC0-301F-11D3-BF4B-00C04F79EFBC}") = "SortArrayInAscendingOrder", "..\SortArrayInAscendingOrder\SortArrayInAscendingOrder.csproj", "{9F7B69CF-12E5-4C37-BBEE-2520C397752F}"
EndProject
Project("{FAE04EC0-301F-11D3-BF4B-00C04F79EFBC}") = "LeftCircularRotaion", "..\LeftCircularRotaion\LeftCircularRotaion.csproj", "{6C7C6DD0-2815-499F-AFCF-73688065FD17}"
EndProject
Project("{2150E333-8FDC-42A3-9474-1A3956D46DE8}") = "String", "String", "{563ADFC7-02EF-4983-B8D4-70FE1D8908C8}"
EndProject
Project("{2150E333-8FDC-42A3-9474-1A3956D46DE8}") = "Array", "Array", "{E924EE48-9A5C-47DC-991B-A0DF97602D51}"
EndProject
Project("{2150E333-8FDC-42A3-9474-1A3956D46DE8}") = "Logical", "Logical", "{79EA35C7-58DB-4D03-8D4E-FD0D59663D75}"
EndProject
Project("{2150E333-8FDC-42A3-9474-1A3956D46DE8}") = "Recursion", "Recursion", "{37DB6FFA-559A-4195-85EC-A2A6560CFFA6}"
EndProject
Project("{FAE04EC0-301F-11D3-BF4B-00C04F79EFBC}") = "RightCircularRotationOfAnArray", "..\RightCircularRotationOfAnArray\RightCircularRotationOfAnArray.csproj", "{FBCA76FA-DB1B-4613-8150-7C210D17B48C}"
EndProject
Project("{FAE04EC0-301F-11D3-BF4B-00C04F79EFBC}") = "SumOfDigitOfAGivenNumber", "..\SumOfDigitOfAGivenNumber\SumOfDigitOfAGivenNumber.csproj", "{32C96DEB-3E02-4A84-BA64-5A9691510236}"
EndProject
Project("{FAE04EC0-301F-11D3-BF4B-00C04F79EFBC}") = "FindTheSecondLargestInAnArray", "..\FindTheSecondLargestInAnArray\FindTheSecondLargestInAnArray.csproj", "{CBA6FA0E-B038-44C6-90C9-51C258095A49}"
EndProject
Project("{FAE04EC0-301F-11D3-BF4B-00C04F79EFBC}") = "FindTheThirdLargestInArray", "..\FindTheThirdLargestInArray\FindTheThirdLargestInArray.csproj", "{91299761-3D5B-4DDC-AD85-3B25C3612AA3}"
EndProject
Project("{FAE04EC0-301F-11D3-BF4B-00C04F79EFBC}") = "FindAngleBetweenMinuteAndHourHand", "..\FindAngleBetweenMinuteAndHourHand\FindAngleBetweenMinuteAndHourHand.csproj", "{53665150-03CA-4BF3-B0B0-A0113641C69B}"
EndProject
Project("{FAE04EC0-301F-11D3-BF4B-00C04F79EFBC}") = "SwapValuesWithoutThirdVariableInString", "..\SwapValuesWithoutThirdVariab;eInString\SwapValuesWithoutThirdVariableInString.csproj", "{379E772E-8D4E-40DC-902F-B4835D515874}"
EndProject
Project("{FAE04EC0-301F-11D3-BF4B-00C04F79EFBC}") = "PrintDuplicateValuesFromArray", "..\PrintDuplicateValuesFromArray\PrintDuplicateValuesFromArray.csproj", "{D34BDE69-6720-40CE-B7F2-38A63633F00B}"
EndProject
Project("{FAE04EC0-301F-11D3-BF4B-00C04F79EFBC}") = "SortArrayInDescendingOrder", "..\SortArrayInDescendingOrder\SortArrayInDescendingOrder.csproj", "{52709A03-6137-42C8-86F7-B34204668504}"
EndProject
Project("{2150E333-8FDC-42A3-9474-1A3956D46DE8}") = "LeetCodeProblems", "LeetCodeProblems", "{02EA681E-C7D8-13C7-8484-4AC65E1B71E8}"
EndProject
Project("{FAE04EC0-301F-11D3-BF4B-00C04F79EFBC}") = "1.TwoSum", "..\LeetCodeProblems\1.TwoSum\1.TwoSum.csproj", "{91380406-CA80-48BC-8023-4D603E264A64}"
EndProject
Global
	GlobalSection(SolutionConfigurationPlatforms) = preSolution
		Debug|Any CPU = Debug|Any CPU
		Release|Any CPU = Release|Any CPU
	EndGlobalSection
	GlobalSection(ProjectConfigurationPlatforms) = postSolution
		{1A8B84BF-F81F-448B-9D0F-97E19FE34350}.Debug|Any CPU.ActiveCfg = Debug|Any CPU
		{1A8B84BF-F81F-448B-9D0F-97E19FE34350}.Debug|Any CPU.Build.0 = Debug|Any CPU
		{1A8B84BF-F81F-448B-9D0F-97E19FE34350}.Release|Any CPU.ActiveCfg = Release|Any CPU
		{1A8B84BF-F81F-448B-9D0F-97E19FE34350}.Release|Any CPU.Build.0 = Release|Any CPU
		{03F19626-11A0-4D9F-A211-E8A4BB702035}.Debug|Any CPU.ActiveCfg = Debug|Any CPU
		{03F19626-11A0-4D9F-A211-E8A4BB702035}.Debug|Any CPU.Build.0 = Debug|Any CPU
		{03F19626-11A0-4D9F-A211-E8A4BB702035}.Release|Any CPU.ActiveCfg = Release|Any CPU
		{03F19626-11A0-4D9F-A211-E8A4BB702035}.Release|Any CPU.Build.0 = Release|Any CPU
		{D9717F26-85C6-4D8B-8D8C-7AC910E648CB}.Debug|Any CPU.ActiveCfg = Debug|Any CPU
		{D9717F26-85C6-4D8B-8D8C-7AC910E648CB}.Debug|Any CPU.Build.0 = Debug|Any CPU
		{D9717F26-85C6-4D8B-8D8C-7AC910E648CB}.Release|Any CPU.ActiveCfg = Release|Any CPU
		{D9717F26-85C6-4D8B-8D8C-7AC910E648CB}.Release|Any CPU.Build.0 = Release|Any CPU
		{3FC7CD9D-47A2-4E21-B106-A4C95B5EDF3C}.Debug|Any CPU.ActiveCfg = Debug|Any CPU
		{3FC7CD9D-47A2-4E21-B106-A4C95B5EDF3C}.Debug|Any CPU.Build.0 = Debug|Any CPU
		{3FC7CD9D-47A2-4E21-B106-A4C95B5EDF3C}.Release|Any CPU.ActiveCfg = Release|Any CPU
		{3FC7CD9D-47A2-4E21-B106-A4C95B5EDF3C}.Release|Any CPU.Build.0 = Release|Any CPU
		{9F3529E1-AFB6-4B50-B4B5-488A47EC2C6C}.Debug|Any CPU.ActiveCfg = Debug|Any CPU
		{9F3529E1-AFB6-4B50-B4B5-488A47EC2C6C}.Debug|Any CPU.Build.0 = Debug|Any CPU
		{9F3529E1-AFB6-4B50-B4B5-488A47EC2C6C}.Release|Any CPU.ActiveCfg = Release|Any CPU
		{9F3529E1-AFB6-4B50-B4B5-488A47EC2C6C}.Release|Any CPU.Build.0 = Release|Any CPU
		{55D297F0-77F0-477A-A3DC-C047610FC8A1}.Debug|Any CPU.ActiveCfg = Debug|Any CPU
		{55D297F0-77F0-477A-A3DC-C047610FC8A1}.Debug|Any CPU.Build.0 = Debug|Any CPU
		{55D297F0-77F0-477A-A3DC-C047610FC8A1}.Release|Any CPU.ActiveCfg = Release|Any CPU
		{55D297F0-77F0-477A-A3DC-C047610FC8A1}.Release|Any CPU.Build.0 = Release|Any CPU
		{31DC2094-BA09-45A3-9169-3444014E1AF0}.Debug|Any CPU.ActiveCfg = Debug|Any CPU
		{31DC2094-BA09-45A3-9169-3444014E1AF0}.Debug|Any CPU.Build.0 = Debug|Any CPU
		{31DC2094-BA09-45A3-9169-3444014E1AF0}.Release|Any CPU.ActiveCfg = Release|Any CPU
		{31DC2094-BA09-45A3-9169-3444014E1AF0}.Release|Any CPU.Build.0 = Release|Any CPU
		{04935662-D1C9-45E0-83A4-33BAC4B0C9DE}.Debug|Any CPU.ActiveCfg = Debug|Any CPU
		{04935662-D1C9-45E0-83A4-33BAC4B0C9DE}.Debug|Any CPU.Build.0 = Debug|Any CPU
		{04935662-D1C9-45E0-83A4-33BAC4B0C9DE}.Release|Any CPU.ActiveCfg = Release|Any CPU
		{04935662-D1C9-45E0-83A4-33BAC4B0C9DE}.Release|Any CPU.Build.0 = Release|Any CPU
		{278167F0-7E23-4D25-895F-62FD6F03BC73}.Debug|Any CPU.ActiveCfg = Debug|Any CPU
		{278167F0-7E23-4D25-895F-62FD6F03BC73}.Debug|Any CPU.Build.0 = Debug|Any CPU
		{278167F0-7E23-4D25-895F-62FD6F03BC73}.Release|Any CPU.ActiveCfg = Release|Any CPU
		{278167F0-7E23-4D25-895F-62FD6F03BC73}.Release|Any CPU.Build.0 = Release|Any CPU
		{96C3EE3A-835E-447E-8B00-B3B5B15DEC3A}.Debug|Any CPU.ActiveCfg = Debug|Any CPU
		{96C3EE3A-835E-447E-8B00-B3B5B15DEC3A}.Debug|Any CPU.Build.0 = Debug|Any CPU
		{96C3EE3A-835E-447E-8B00-B3B5B15DEC3A}.Release|Any CPU.ActiveCfg = Release|Any CPU
		{96C3EE3A-835E-447E-8B00-B3B5B15DEC3A}.Release|Any CPU.Build.0 = Release|Any CPU
		{EC4B7560-0F53-4DE6-88BF-04658268EE8C}.Debug|Any CPU.ActiveCfg = Debug|Any CPU
		{EC4B7560-0F53-4DE6-88BF-04658268EE8C}.Debug|Any CPU.Build.0 = Debug|Any CPU
		{EC4B7560-0F53-4DE6-88BF-04658268EE8C}.Release|Any CPU.ActiveCfg = Release|Any CPU
		{EC4B7560-0F53-4DE6-88BF-04658268EE8C}.Release|Any CPU.Build.0 = Release|Any CPU
		{6F281164-0D4B-48BE-9FF0-9F08E9FB9D66}.Debug|Any CPU.ActiveCfg = Debug|Any CPU
		{6F281164-0D4B-48BE-9FF0-9F08E9FB9D66}.Debug|Any CPU.Build.0 = Debug|Any CPU
		{6F281164-0D4B-48BE-9FF0-9F08E9FB9D66}.Release|Any CPU.ActiveCfg = Release|Any CPU
		{6F281164-0D4B-48BE-9FF0-9F08E9FB9D66}.Release|Any CPU.Build.0 = Release|Any CPU
		{9F7B69CF-12E5-4C37-BBEE-2520C397752F}.Debug|Any CPU.ActiveCfg = Debug|Any CPU
		{9F7B69CF-12E5-4C37-BBEE-2520C397752F}.Debug|Any CPU.Build.0 = Debug|Any CPU
		{9F7B69CF-12E5-4C37-BBEE-2520C397752F}.Release|Any CPU.ActiveCfg = Release|Any CPU
		{9F7B69CF-12E5-4C37-BBEE-2520C397752F}.Release|Any CPU.Build.0 = Release|Any CPU
		{6C7C6DD0-2815-499F-AFCF-73688065FD17}.Debug|Any CPU.ActiveCfg = Debug|Any CPU
		{6C7C6DD0-2815-499F-AFCF-73688065FD17}.Debug|Any CPU.Build.0 = Debug|Any CPU
		{6C7C6DD0-2815-499F-AFCF-73688065FD17}.Release|Any CPU.ActiveCfg = Release|Any CPU
		{6C7C6DD0-2815-499F-AFCF-73688065FD17}.Release|Any CPU.Build.0 = Release|Any CPU
		{FBCA76FA-DB1B-4613-8150-7C210D17B48C}.Debug|Any CPU.ActiveCfg = Debug|Any CPU
		{FBCA76FA-DB1B-4613-8150-7C210D17B48C}.Debug|Any CPU.Build.0 = Debug|Any CPU
		{FBCA76FA-DB1B-4613-8150-7C210D17B48C}.Release|Any CPU.ActiveCfg = Release|Any CPU
		{FBCA76FA-DB1B-4613-8150-7C210D17B48C}.Release|Any CPU.Build.0 = Release|Any CPU
		{32C96DEB-3E02-4A84-BA64-5A9691510236}.Debug|Any CPU.ActiveCfg = Debug|Any CPU
		{32C96DEB-3E02-4A84-BA64-5A9691510236}.Debug|Any CPU.Build.0 = Debug|Any CPU
		{32C96DEB-3E02-4A84-BA64-5A9691510236}.Release|Any CPU.ActiveCfg = Release|Any CPU
		{32C96DEB-3E02-4A84-BA64-5A9691510236}.Release|Any CPU.Build.0 = Release|Any CPU
		{CBA6FA0E-B038-44C6-90C9-51C258095A49}.Debug|Any CPU.ActiveCfg = Debug|Any CPU
		{CBA6FA0E-B038-44C6-90C9-51C258095A49}.Debug|Any CPU.Build.0 = Debug|Any CPU
		{CBA6FA0E-B038-44C6-90C9-51C258095A49}.Release|Any CPU.ActiveCfg = Release|Any CPU
		{CBA6FA0E-B038-44C6-90C9-51C258095A49}.Release|Any CPU.Build.0 = Release|Any CPU
		{91299761-3D5B-4DDC-AD85-3B25C3612AA3}.Debug|Any CPU.ActiveCfg = Debug|Any CPU
		{91299761-3D5B-4DDC-AD85-3B25C3612AA3}.Debug|Any CPU.Build.0 = Debug|Any CPU
		{91299761-3D5B-4DDC-AD85-3B25C3612AA3}.Release|Any CPU.ActiveCfg = Release|Any CPU
		{91299761-3D5B-4DDC-AD85-3B25C3612AA3}.Release|Any CPU.Build.0 = Release|Any CPU
		{53665150-03CA-4BF3-B0B0-A0113641C69B}.Debug|Any CPU.ActiveCfg = Debug|Any CPU
		{53665150-03CA-4BF3-B0B0-A0113641C69B}.Debug|Any CPU.Build.0 = Debug|Any CPU
		{53665150-03CA-4BF3-B0B0-A0113641C69B}.Release|Any CPU.ActiveCfg = Release|Any CPU
		{53665150-03CA-4BF3-B0B0-A0113641C69B}.Release|Any CPU.Build.0 = Release|Any CPU
		{379E772E-8D4E-40DC-902F-B4835D515874}.Debug|Any CPU.ActiveCfg = Debug|Any CPU
		{379E772E-8D4E-40DC-902F-B4835D515874}.Debug|Any CPU.Build.0 = Debug|Any CPU
		{379E772E-8D4E-40DC-902F-B4835D515874}.Release|Any CPU.ActiveCfg = Release|Any CPU
		{379E772E-8D4E-40DC-902F-B4835D515874}.Release|Any CPU.Build.0 = Release|Any CPU
		{D34BDE69-6720-40CE-B7F2-38A63633F00B}.Debug|Any CPU.ActiveCfg = Debug|Any CPU
		{D34BDE69-6720-40CE-B7F2-38A63633F00B}.Debug|Any CPU.Build.0 = Debug|Any CPU
		{D34BDE69-6720-40CE-B7F2-38A63633F00B}.Release|Any CPU.ActiveCfg = Release|Any CPU
		{D34BDE69-6720-40CE-B7F2-38A63633F00B}.Release|Any CPU.Build.0 = Release|Any CPU
		{52709A03-6137-42C8-86F7-B34204668504}.Debug|Any CPU.ActiveCfg = Debug|Any CPU
		{52709A03-6137-42C8-86F7-B34204668504}.Debug|Any CPU.Build.0 = Debug|Any CPU
		{52709A03-6137-42C8-86F7-B34204668504}.Release|Any CPU.ActiveCfg = Release|Any CPU
		{52709A03-6137-42C8-86F7-B34204668504}.Release|Any CPU.Build.0 = Release|Any CPU
		{91380406-CA80-48BC-8023-4D603E264A64}.Debug|Any CPU.ActiveCfg = Debug|Any CPU
		{91380406-CA80-48BC-8023-4D603E264A64}.Debug|Any CPU.Build.0 = Debug|Any CPU
		{91380406-CA80-48BC-8023-4D603E264A64}.Release|Any CPU.ActiveCfg = Release|Any CPU
		{91380406-CA80-48BC-8023-4D603E264A64}.Release|Any CPU.Build.0 = Release|Any CPU
	EndGlobalSection
	GlobalSection(SolutionProperties) = preSolution
		HideSolutionNode = FALSE
	EndGlobalSection
	GlobalSection(NestedProjects) = preSolution
		{03F19626-11A0-4D9F-A211-E8A4BB702035} = {563ADFC7-02EF-4983-B8D4-70FE1D8908C8}
		{D9717F26-85C6-4D8B-8D8C-7AC910E648CB} = {563ADFC7-02EF-4983-B8D4-70FE1D8908C8}
		{3FC7CD9D-47A2-4E21-B106-A4C95B5EDF3C} = {79EA35C7-58DB-4D03-8D4E-FD0D59663D75}
		{9F3529E1-AFB6-4B50-B4B5-488A47EC2C6C} = {37DB6FFA-559A-4195-85EC-A2A6560CFFA6}
		{55D297F0-77F0-477A-A3DC-C047610FC8A1} = {79EA35C7-58DB-4D03-8D4E-FD0D59663D75}
		{31DC2094-BA09-45A3-9169-3444014E1AF0} = {563ADFC7-02EF-4983-B8D4-70FE1D8908C8}
		{04935662-D1C9-45E0-83A4-33BAC4B0C9DE} = {563ADFC7-02EF-4983-B8D4-70FE1D8908C8}
		{278167F0-7E23-4D25-895F-62FD6F03BC73} = {563ADFC7-02EF-4983-B8D4-70FE1D8908C8}
		{96C3EE3A-835E-447E-8B00-B3B5B15DEC3A} = {79EA35C7-58DB-4D03-8D4E-FD0D59663D75}
		{EC4B7560-0F53-4DE6-88BF-04658268EE8C} = {563ADFC7-02EF-4983-B8D4-70FE1D8908C8}
		{6F281164-0D4B-48BE-9FF0-9F08E9FB9D66} = {563ADFC7-02EF-4983-B8D4-70FE1D8908C8}
		{9F7B69CF-12E5-4C37-BBEE-2520C397752F} = {E924EE48-9A5C-47DC-991B-A0DF97602D51}
		{6C7C6DD0-2815-499F-AFCF-73688065FD17} = {E924EE48-9A5C-47DC-991B-A0DF97602D51}
		{FBCA76FA-DB1B-4613-8150-7C210D17B48C} = {E924EE48-9A5C-47DC-991B-A0DF97602D51}
		{32C96DEB-3E02-4A84-BA64-5A9691510236} = {79EA35C7-58DB-4D03-8D4E-FD0D59663D75}
		{CBA6FA0E-B038-44C6-90C9-51C258095A49} = {E924EE48-9A5C-47DC-991B-A0DF97602D51}
		{91299761-3D5B-4DDC-AD85-3B25C3612AA3} = {E924EE48-9A5C-47DC-991B-A0DF97602D51}
		{53665150-03CA-4BF3-B0B0-A0113641C69B} = {79EA35C7-58DB-4D03-8D4E-FD0D59663D75}
		{379E772E-8D4E-40DC-902F-B4835D515874} = {563ADFC7-02EF-4983-B8D4-70FE1D8908C8}
		{D34BDE69-6720-40CE-B7F2-38A63633F00B} = {E924EE48-9A5C-47DC-991B-A0DF97602D51}
		{52709A03-6137-42C8-86F7-B34204668504} = {E924EE48-9A5C-47DC-991B-A0DF97602D51}
		{91380406-CA80-48BC-8023-4D603E264A64} = {02EA681E-C7D8-13C7-8484-4AC65E1B71E8}
	EndGlobalSection
	GlobalSection(ExtensibilityGlobals) = postSolution
		SolutionGuid = {E9288DD1-AA5D-4B6B-BAAA-2CCC4900579E}
	EndGlobalSection
EndGlobal
